
Microsoft Visual Studio Solution File, Format Version 12.00
# Visual Studio Version 17
VisualStudioVersion = 17.0.31903.59
MinimumVisualStudioVersion = 10.0.40219.1
Project("{FAE04EC0-301F-11D3-BF4B-00C04F79EFBC}") = "Jellyfin.Plugin.RatingSort", "Jellyfin.Plugin.RatingSort\Jellyfin.Plugin.RatingSort.csproj", "{FF39695F-17CA-443B-AB02-178BD786B3DC}"
EndProject
Project("{FAE04EC0-301F-11D3-BF4B-00C04F79EFBC}") = "Jellyfin.Plugin.RatingSort.Tests", "Jellyfin.Plugin.RatingSort.Tests\Jellyfin.Plugin.RatingSort.Tests.csproj", "{EC6E643E-B95F-4A0E-933F-194475F4650B}"
EndProject
Global
	GlobalSection(SolutionConfigurationPlatforms) = preSolution
		Debug|Any CPU = Debug|Any CPU
		Debug|x64 = Debug|x64
		Debug|x86 = Debug|x86
		Release|Any CPU = Release|Any CPU
		Release|x64 = Release|x64
		Release|x86 = Release|x86
	EndGlobalSection
	GlobalSection(ProjectConfigurationPlatforms) = postSolution
		{FF39695F-17CA-443B-AB02-178BD786B3DC}.Debug|Any CPU.ActiveCfg = Debug|Any CPU
		{FF39695F-17CA-443B-AB02-178BD786B3DC}.Debug|Any CPU.Build.0 = Debug|Any CPU
		{FF39695F-17CA-443B-AB02-178BD786B3DC}.Debug|x64.ActiveCfg = Debug|Any CPU
		{FF39695F-17CA-443B-AB02-178BD786B3DC}.Debug|x64.Build.0 = Debug|Any CPU
		{FF39695F-17CA-443B-AB02-178BD786B3DC}.Debug|x86.ActiveCfg = Debug|Any CPU
		{FF39695F-17CA-443B-AB02-178BD786B3DC}.Debug|x86.Build.0 = Debug|Any CPU
		{FF39695F-17CA-443B-AB02-178BD786B3DC}.Release|Any CPU.ActiveCfg = Release|Any CPU
		{FF39695F-17CA-443B-AB02-178BD786B3DC}.Release|Any CPU.Build.0 = Release|Any CPU
		{FF39695F-17CA-443B-AB02-178BD786B3DC}.Release|x64.ActiveCfg = Release|Any CPU
		{FF39695F-17CA-443B-AB02-178BD786B3DC}.Release|x64.Build.0 = Release|Any CPU
		{FF39695F-17CA-443B-AB02-178BD786B3DC}.Release|x86.ActiveCfg = Release|Any CPU
		{FF39695F-17CA-443B-AB02-178BD786B3DC}.Release|x86.Build.0 = Release|Any CPU
		{EC6E643E-B95F-4A0E-933F-194475F4650B}.Debug|Any CPU.ActiveCfg = Debug|Any CPU
		{EC6E643E-B95F-4A0E-933F-194475F4650B}.Debug|Any CPU.Build.0 = Debug|Any CPU
		{EC6E643E-B95F-4A0E-933F-194475F4650B}.Debug|x64.ActiveCfg = Debug|Any CPU
		{EC6E643E-B95F-4A0E-933F-194475F4650B}.Debug|x64.Build.0 = Debug|Any CPU
		{EC6E643E-B95F-4A0E-933F-194475F4650B}.Debug|x86.ActiveCfg = Debug|Any CPU
		{EC6E643E-B95F-4A0E-933F-194475F4650B}.Debug|x86.Build.0 = Debug|Any CPU
		{EC6E643E-B95F-4A0E-933F-194475F4650B}.Release|Any CPU.ActiveCfg = Release|Any CPU
		{EC6E643E-B95F-4A0E-933F-194475F4650B}.Release|Any CPU.Build.0 = Release|Any CPU
		{EC6E643E-B95F-4A0E-933F-194475F4650B}.Release|x64.ActiveCfg = Release|Any CPU
		{EC6E643E-B95F-4A0E-933F-194475F4650B}.Release|x64.Build.0 = Release|Any CPU
		{EC6E643E-B95F-4A0E-933F-194475F4650B}.Release|x86.ActiveCfg = Release|Any CPU
		{EC6E643E-B95F-4A0E-933F-194475F4650B}.Release|x86.Build.0 = Release|Any CPU
	EndGlobalSection
	GlobalSection(SolutionProperties) = preSolution
		HideSolutionNode = FALSE
	EndGlobalSection
EndGlobal
